// !$*UTF8*$!
{
	archiveVersion = 1;
	classes = {
	};
	objectVersion = 50;
	objects = {

/* Begin PBXBuildFile section */
		84CCD3492143643B004E57DD /* AppDelegate.swift in Sources */ = {isa = PBXBuildFile; fileRef = 84CCD3482143643B004E57DD /* AppDelegate.swift */; };
		84CCD34B2143643B004E57DD /* ViewController.swift in Sources */ = {isa = PBXBuildFile; fileRef = 84CCD34A2143643B004E57DD /* ViewController.swift */; };
		84CCD34E2143643B004E57DD /* Main.storyboard in Resources */ = {isa = PBXBuildFile; fileRef = 84CCD34C2143643B004E57DD /* Main.storyboard */; };
		84CCD3502143643E004E57DD /* Assets.xcassets in Resources */ = {isa = PBXBuildFile; fileRef = 84CCD34F2143643E004E57DD /* Assets.xcassets */; };
		84CCD3532143643E004E57DD /* LaunchScreen.storyboard in Resources */ = {isa = PBXBuildFile; fileRef = 84CCD3512143643E004E57DD /* LaunchScreen.storyboard */; };
		84CCD35E2143643F004E57DD /* iOSDevPersonUITests.swift in Sources */ = {isa = PBXBuildFile; fileRef = 84CCD35D2143643F004E57DD /* iOSDevPersonUITests.swift */; };
		84CCD3692143643F004E57DD /* iOSDevPersonUIUITests.swift in Sources */ = {isa = PBXBuildFile; fileRef = 84CCD3682143643F004E57DD /* iOSDevPersonUIUITests.swift */; };
/* End PBXBuildFile section */

/* Begin PBXContainerItemProxy section */
		84CCD35A2143643F004E57DD /* PBXContainerItemProxy */ = {
			isa = PBXContainerItemProxy;
			containerPortal = 84CCD33D2143643B004E57DD /* Project object */;
			proxyType = 1;
			remoteGlobalIDString = 84CCD3442143643B004E57DD;
			remoteInfo = iOSDevPersonUI;
		};
		84CCD3652143643F004E57DD /* PBXContainerItemProxy */ = {
			isa = PBXContainerItemProxy;
			containerPortal = 84CCD33D2143643B004E57DD /* Project object */;
			proxyType = 1;
			remoteGlobalIDString = 84CCD3442143643B004E57DD;
			remoteInfo = iOSDevPersonUI;
		};
/* End PBXContainerItemProxy section */

/* Begin PBXFileReference section */
		84CCD3452143643B004E57DD /* iOSDevPersonUI.app */ = {isa = PBXFileReference; explicitFileType = wrapper.application; includeInIndex = 0; path = iOSDevPersonUI.app; sourceTree = BUILT_PRODUCTS_DIR; };
		84CCD3482143643B004E57DD /* AppDelegate.swift */ = {isa = PBXFileReference; lastKnownFileType = sourcecode.swift; path = AppDelegate.swift; sourceTree = "<group>"; };
		84CCD34A2143643B004E57DD /* ViewController.swift */ = {isa = PBXFileReference; lastKnownFileType = sourcecode.swift; path = ViewController.swift; sourceTree = "<group>"; };
		84CCD34D2143643B004E57DD /* Base */ = {isa = PBXFileReference; lastKnownFileType = file.storyboard; name = Base; path = Base.lproj/Main.storyboard; sourceTree = "<group>"; };
		84CCD34F2143643E004E57DD /* Assets.xcassets */ = {isa = PBXFileReference; lastKnownFileType = folder.assetcatalog; path = Assets.xcassets; sourceTree = "<group>"; };
		84CCD3522143643E004E57DD /* Base */ = {isa = PBXFileReference; lastKnownFileType = file.storyboard; name = Base; path = Base.lproj/LaunchScreen.storyboard; sourceTree = "<group>"; };
		84CCD3542143643E004E57DD /* Info.plist */ = {isa = PBXFileReference; lastKnownFileType = text.plist.xml; path = Info.plist; sourceTree = "<group>"; };
		84CCD3592143643F004E57DD /* iOSDevPersonUITests.xctest */ = {isa = PBXFileReference; explicitFileType = wrapper.cfbundle; includeInIndex = 0; path = iOSDevPersonUITests.xctest; sourceTree = BUILT_PRODUCTS_DIR; };
		84CCD35D2143643F004E57DD /* iOSDevPersonUITests.swift */ = {isa = PBXFileReference; lastKnownFileType = sourcecode.swift; path = iOSDevPersonUITests.swift; sourceTree = "<group>"; };
		84CCD35F2143643F004E57DD /* Info.plist */ = {isa = PBXFileReference; lastKnownFileType = text.plist.xml; path = Info.plist; sourceTree = "<group>"; };
		84CCD3642143643F004E57DD /* iOSDevPersonUIUITests.xctest */ = {isa = PBXFileReference; explicitFileType = wrapper.cfbundle; includeInIndex = 0; path = iOSDevPersonUIUITests.xctest; sourceTree = BUILT_PRODUCTS_DIR; };
		84CCD3682143643F004E57DD /* iOSDevPersonUIUITests.swift */ = {isa = PBXFileReference; lastKnownFileType = sourcecode.swift; path = iOSDevPersonUIUITests.swift; sourceTree = "<group>"; };
		84CCD36A2143643F004E57DD /* Info.plist */ = {isa = PBXFileReference; lastKnownFileType = text.plist.xml; path = Info.plist; sourceTree = "<group>"; };
/* End PBXFileReference section */

/* Begin PBXFrameworksBuildPhase section */
		84CCD3422143643B004E57DD /* Frameworks */ = {
			isa = PBXFrameworksBuildPhase;
			buildActionMask = 2147483647;
			files = (
			);
			runOnlyForDeploymentPostprocessing = 0;
		};
		84CCD3562143643F004E57DD /* Frameworks */ = {
			isa = PBXFrameworksBuildPhase;
			buildActionMask = 2147483647;
			files = (
			);
			runOnlyForDeploymentPostprocessing = 0;
		};
		84CCD3612143643F004E57DD /* Frameworks */ = {
			isa = PBXFrameworksBuildPhase;
			buildActionMask = 2147483647;
			files = (
			);
			runOnlyForDeploymentPostprocessing = 0;
		};
/* End PBXFrameworksBuildPhase section */

/* Begin PBXGroup section */
		84CCD33C2143643B004E57DD = {
			isa = PBXGroup;
			children = (
				84CCD3472143643B004E57DD /* iOSDevPersonUI */,
				84CCD35C2143643F004E57DD /* iOSDevPersonUITests */,
				84CCD3672143643F004E57DD /* iOSDevPersonUIUITests */,
				84CCD3462143643B004E57DD /* Products */,
			);
			sourceTree = "<group>";
		};
		84CCD3462143643B004E57DD /* Products */ = {
			isa = PBXGroup;
			children = (
				84CCD3452143643B004E57DD /* iOSDevPersonUI.app */,
				84CCD3592143643F004E57DD /* iOSDevPersonUITests.xctest */,
				84CCD3642143643F004E57DD /* iOSDevPersonUIUITests.xctest */,
			);
			name = Products;
			sourceTree = "<group>";
		};
		84CCD3472143643B004E57DD /* iOSDevPersonUI */ = {
			isa = PBXGroup;
			children = (
				84CCD3482143643B004E57DD /* AppDelegate.swift */,
				84CCD34A2143643B004E57DD /* ViewController.swift */,
				84CCD34C2143643B004E57DD /* Main.storyboard */,
				84CCD34F2143643E004E57DD /* Assets.xcassets */,
				84CCD3512143643E004E57DD /* LaunchScreen.storyboard */,
				84CCD3542143643E004E57DD /* Info.plist */,
			);
			path = iOSDevPersonUI;
			sourceTree = "<group>";
		};
		84CCD35C2143643F004E57DD /* iOSDevPersonUITests */ = {
			isa = PBXGroup;
			children = (
				84CCD35D2143643F004E57DD /* iOSDevPersonUITests.swift */,
				84CCD35F2143643F004E57DD /* Info.plist */,
			);
			path = iOSDevPersonUITests;
			sourceTree = "<group>";
		};
		84CCD3672143643F004E57DD /* iOSDevPersonUIUITests */ = {
			isa = PBXGroup;
			children = (
				84CCD3682143643F004E57DD /* iOSDevPersonUIUITests.swift */,
				84CCD36A2143643F004E57DD /* Info.plist */,
			);
			path = iOSDevPersonUIUITests;
			sourceTree = "<group>";
		};
/* End PBXGroup section */

/* Begin PBXNativeTarget section */
		84CCD3442143643B004E57DD /* iOSDevPersonUI */ = {
			isa = PBXNativeTarget;
			buildConfigurationList = 84CCD36D2143643F004E57DD /* Build configuration list for PBXNativeTarget "iOSDevPersonUI" */;
			buildPhases = (
				84CCD3412143643B004E57DD /* Sources */,
				84CCD3422143643B004E57DD /* Frameworks */,
				84CCD3432143643B004E57DD /* Resources */,
			);
			buildRules = (
			);
			dependencies = (
			);
			name = iOSDevPersonUI;
			productName = iOSDevPersonUI;
			productReference = 84CCD3452143643B004E57DD /* iOSDevPersonUI.app */;
			productType = "com.apple.product-type.application";
		};
		84CCD3582143643F004E57DD /* iOSDevPersonUITests */ = {
			isa = PBXNativeTarget;
			buildConfigurationList = 84CCD3702143643F004E57DD /* Build configuration list for PBXNativeTarget "iOSDevPersonUITests" */;
			buildPhases = (
				84CCD3552143643F004E57DD /* Sources */,
				84CCD3562143643F004E57DD /* Frameworks */,
				84CCD3572143643F004E57DD /* Resources */,
			);
			buildRules = (
			);
			dependencies = (
				84CCD35B2143643F004E57DD /* PBXTargetDependency */,
			);
			name = iOSDevPersonUITests;
			productName = iOSDevPersonUITests;
			productReference = 84CCD3592143643F004E57DD /* iOSDevPersonUITests.xctest */;
			productType = "com.apple.product-type.bundle.unit-test";
		};
		84CCD3632143643F004E57DD /* iOSDevPersonUIUITests */ = {
			isa = PBXNativeTarget;
			buildConfigurationList = 84CCD3732143643F004E57DD /* Build configuration list for PBXNativeTarget "iOSDevPersonUIUITests" */;
			buildPhases = (
				84CCD3602143643F004E57DD /* Sources */,
				84CCD3612143643F004E57DD /* Frameworks */,
				84CCD3622143643F004E57DD /* Resources */,
			);
			buildRules = (
			);
			dependencies = (
				84CCD3662143643F004E57DD /* PBXTargetDependency */,
			);
			name = iOSDevPersonUIUITests;
			productName = iOSDevPersonUIUITests;
			productReference = 84CCD3642143643F004E57DD /* iOSDevPersonUIUITests.xctest */;
			productType = "com.apple.product-type.bundle.ui-testing";
		};
/* End PBXNativeTarget section */

/* Begin PBXProject section */
		84CCD33D2143643B004E57DD /* Project object */ = {
			isa = PBXProject;
			attributes = {
				LastSwiftUpdateCheck = 0940;
				LastUpgradeCheck = 0940;
				ORGANIZATIONNAME = Ben;
				TargetAttributes = {
					84CCD3442143643B004E57DD = {
						CreatedOnToolsVersion = 9.4.1;
					};
					84CCD3582143643F004E57DD = {
						CreatedOnToolsVersion = 9.4.1;
						TestTargetID = 84CCD3442143643B004E57DD;
					};
					84CCD3632143643F004E57DD = {
						CreatedOnToolsVersion = 9.4.1;
						TestTargetID = 84CCD3442143643B004E57DD;
					};
				};
			};
			buildConfigurationList = 84CCD3402143643B004E57DD /* Build configuration list for PBXProject "iOSDevPersonUI" */;
			compatibilityVersion = "Xcode 9.3";
			developmentRegion = en;
			hasScannedForEncodings = 0;
			knownRegions = (
				en,
				Base,
			);
			mainGroup = 84CCD33C2143643B004E57DD;
			productRefGroup = 84CCD3462143643B004E57DD /* Products */;
			projectDirPath = "";
			projectRoot = "";
			targets = (
				84CCD3442143643B004E57DD /* iOSDevPersonUI */,
				84CCD3582143643F004E57DD /* iOSDevPersonUITests */,
				84CCD3632143643F004E57DD /* iOSDevPersonUIUITests */,
			);
		};
/* End PBXProject section */

/* Begin PBXResourcesBuildPhase section */
		84CCD3432143643B004E57DD /* Resources */ = {
			isa = PBXResourcesBuildPhase;
			buildActionMask = 2147483647;
			files = (
				84CCD3532143643E004E57DD /* LaunchScreen.storyboard in Resources */,
				84CCD3502143643E004E57DD /* Assets.xcassets in Resources */,
				84CCD34E2143643B004E57DD /* Main.storyboard in Resources */,
			);
			runOnlyForDeploymentPostprocessing = 0;
		};
		84CCD3572143643F004E57DD /* Resources */ = {
			isa = PBXResourcesBuildPhase;
			buildActionMask = 2147483647;
			files = (
			);
			runOnlyForDeploymentPostprocessing = 0;
		};
		84CCD3622143643F004E57DD /* Resources */ = {
			isa = PBXResourcesBuildPhase;
			buildActionMask = 2147483647;
			files = (
			);
			runOnlyForDeploymentPostprocessing = 0;
		};
/* End PBXResourcesBuildPhase section */

/* Begin PBXSourcesBuildPhase section */
		84CCD3412143643B004E57DD /* Sources */ = {
			isa = PBXSourcesBuildPhase;
			buildActionMask = 2147483647;
			files = (
				84CCD34B2143643B004E57DD /* ViewController.swift in Sources */,
				84CCD3492143643B004E57DD /* AppDelegate.swift in Sources */,
			);
			runOnlyForDeploymentPostprocessing = 0;
		};
		84CCD3552143643F004E57DD /* Sources */ = {
			isa = PBXSourcesBuildPhase;
			buildActionMask = 2147483647;
			files = (
				84CCD35E2143643F004E57DD /* iOSDevPersonUITests.swift in Sources */,
			);
			runOnlyForDeploymentPostprocessing = 0;
		};
		84CCD3602143643F004E57DD /* Sources */ = {
			isa = PBXSourcesBuildPhase;
			buildActionMask = 2147483647;
			files = (
				84CCD3692143643F004E57DD /* iOSDevPersonUIUITests.swift in Sources */,
			);
			runOnlyForDeploymentPostprocessing = 0;
		};
/* End PBXSourcesBuildPhase section */

/* Begin PBXTargetDependency section */
		84CCD35B2143643F004E57DD /* PBXTargetDependency */ = {
			isa = PBXTargetDependency;
			target = 84CCD3442143643B004E57DD /* iOSDevPersonUI */;
			targetProxy = 84CCD35A2143643F004E57DD /* PBXContainerItemProxy */;
		};
		84CCD3662143643F004E57DD /* PBXTargetDependency */ = {
			isa = PBXTargetDependency;
			target = 84CCD3442143643B004E57DD /* iOSDevPersonUI */;
			targetProxy = 84CCD3652143643F004E57DD /* PBXContainerItemProxy */;
		};
/* End PBXTargetDependency section */

/* Begin PBXVariantGroup section */
		84CCD34C2143643B004E57DD /* Main.storyboard */ = {
			isa = PBXVariantGroup;
			children = (
				84CCD34D2143643B004E57DD /* Base */,
			);
			name = Main.storyboard;
			sourceTree = "<group>";
		};
		84CCD3512143643E004E57DD /* LaunchScreen.storyboard */ = {
			isa = PBXVariantGroup;
			children = (
				84CCD3522143643E004E57DD /* Base */,
			);
			name = LaunchScreen.storyboard;
			sourceTree = "<group>";
		};
/* End PBXVariantGroup section */

/* Begin XCBuildConfiguration section */
		84CCD36B2143643F004E57DD /* Debug */ = {
			isa = XCBuildConfiguration;
			buildSettings = {
				ALWAYS_SEARCH_USER_PATHS = NO;
				CLANG_ANALYZER_NONNULL = YES;
				CLANG_ANALYZER_NUMBER_OBJECT_CONVERSION = YES_AGGRESSIVE;
				CLANG_CXX_LANGUAGE_STANDARD = "gnu++14";
				CLANG_CXX_LIBRARY = "libc++";
				CLANG_ENABLE_MODULES = YES;
				CLANG_ENABLE_OBJC_ARC = YES;
				CLANG_ENABLE_OBJC_WEAK = YES;
				CLANG_WARN_BLOCK_CAPTURE_AUTORELEASING = YES;
				CLANG_WARN_BOOL_CONVERSION = YES;
				CLANG_WARN_COMMA = YES;
				CLANG_WARN_CONSTANT_CONVERSION = YES;
				CLANG_WARN_DEPRECATED_OBJC_IMPLEMENTATIONS = YES;
				CLANG_WARN_DIRECT_OBJC_ISA_USAGE = YES_ERROR;
				CLANG_WARN_DOCUMENTATION_COMMENTS = YES;
				CLANG_WARN_EMPTY_BODY = YES;
				CLANG_WARN_ENUM_CONVERSION = YES;
				CLANG_WARN_INFINITE_RECURSION = YES;
				CLANG_WARN_INT_CONVERSION = YES;
				CLANG_WARN_NON_LITERAL_NULL_CONVERSION = YES;
				CLANG_WARN_OBJC_IMPLICIT_RETAIN_SELF = YES;
				CLANG_WARN_OBJC_LITERAL_CONVERSION = YES;
				CLANG_WARN_OBJC_ROOT_CLASS = YES_ERROR;
				CLANG_WARN_RANGE_LOOP_ANALYSIS = YES;
				CLANG_WARN_STRICT_PROTOTYPES = YES;
				CLANG_WARN_SUSPICIOUS_MOVE = YES;
				CLANG_WARN_UNGUARDED_AVAILABILITY = YES_AGGRESSIVE;
				CLANG_WARN_UNREACHABLE_CODE = YES;
				CLANG_WARN__DUPLICATE_METHOD_MATCH = YES;
				CODE_SIGN_IDENTITY = "iPhone Developer";
				COPY_PHASE_STRIP = NO;
				DEBUG_INFORMATION_FORMAT = dwarf;
				ENABLE_STRICT_OBJC_MSGSEND = YES;
				ENABLE_TESTABILITY = YES;
				GCC_C_LANGUAGE_STANDARD = gnu11;
				GCC_DYNAMIC_NO_PIC = NO;
				GCC_NO_COMMON_BLOCKS = YES;
				GCC_OPTIMIZATION_LEVEL = 0;
				GCC_PREPROCESSOR_DEFINITIONS = (
					"DEBUG=1",
					"$(inherited)",
				);
				GCC_WARN_64_TO_32_BIT_CONVERSION = YES;
				GCC_WARN_ABOUT_RETURN_TYPE = YES_ERROR;
				GCC_WARN_UNDECLARED_SELECTOR = YES;
				GCC_WARN_UNINITIALIZED_AUTOS = YES_AGGRESSIVE;
				GCC_WARN_UNUSED_FUNCTION = YES;
				GCC_WARN_UNUSED_VARIABLE = YES;
				IPHONEOS_DEPLOYMENT_TARGET = 11.4;
				MTL_ENABLE_DEBUG_INFO = YES;
				ONLY_ACTIVE_ARCH = YES;
				SDKROOT = iphoneos;
				SWIFT_ACTIVE_COMPILATION_CONDITIONS = DEBUG;
				SWIFT_OPTIMIZATION_LEVEL = "-Onone";
			};
			name = Debug;
		};
		84CCD36C2143643F004E57DD /* Release */ = {
			isa = XCBuildConfiguration;
			buildSettings = {
				ALWAYS_SEARCH_USER_PATHS = NO;
				CLANG_ANALYZER_NONNULL = YES;
				CLANG_ANALYZER_NUMBER_OBJECT_CONVERSION = YES_AGGRESSIVE;
				CLANG_CXX_LANGUAGE_STANDARD = "gnu++14";
				CLANG_CXX_LIBRARY = "libc++";
				CLANG_ENABLE_MODULES = YES;
				CLANG_ENABLE_OBJC_ARC = YES;
				CLANG_ENABLE_OBJC_WEAK = YES;
				CLANG_WARN_BLOCK_CAPTURE_AUTORELEASING = YES;
				CLANG_WARN_BOOL_CONVERSION = YES;
				CLANG_WARN_COMMA = YES;
				CLANG_WARN_CONSTANT_CONVERSION = YES;
				CLANG_WARN_DEPRECATED_OBJC_IMPLEMENTATIONS = YES;
				CLANG_WARN_DIRECT_OBJC_ISA_USAGE = YES_ERROR;
				CLANG_WARN_DOCUMENTATION_COMMENTS = YES;
				CLANG_WARN_EMPTY_BODY = YES;
				CLANG_WARN_ENUM_CONVERSION = YES;
				CLANG_WARN_INFINITE_RECURSION = YES;
				CLANG_WARN_INT_CONVERSION = YES;
				CLANG_WARN_NON_LITERAL_NULL_CONVERSION = YES;
				CLANG_WARN_OBJC_IMPLICIT_RETAIN_SELF = YES;
				CLANG_WARN_OBJC_LITERAL_CONVERSION = YES;
				CLANG_WARN_OBJC_ROOT_CLASS = YES_ERROR;
				CLANG_WARN_RANGE_LOOP_ANALYSIS = YES;
				CLANG_WARN_STRICT_PROTOTYPES = YES;
				CLANG_WARN_SUSPICIOUS_MOVE = YES;
				CLANG_WARN_UNGUARDED_AVAILABILITY = YES_AGGRESSIVE;
				CLANG_WARN_UNREACHABLE_CODE = YES;
				CLANG_WARN__DUPLICATE_METHOD_MATCH = YES;
				CODE_SIGN_IDENTITY = "iPhone Developer";
				COPY_PHASE_STRIP = NO;
				DEBUG_INFORMATION_FORMAT = "dwarf-with-dsym";
				ENABLE_NS_ASSERTIONS = NO;
				ENABLE_STRICT_OBJC_MSGSEND = YES;
				GCC_C_LANGUAGE_STANDARD = gnu11;
				GCC_NO_COMMON_BLOCKS = YES;
				GCC_WARN_64_TO_32_BIT_CONVERSION = YES;
				GCC_WARN_ABOUT_RETURN_TYPE = YES_ERROR;
				GCC_WARN_UNDECLARED_SELECTOR = YES;
				GCC_WARN_UNINITIALIZED_AUTOS = YES_AGGRESSIVE;
				GCC_WARN_UNUSED_FUNCTION = YES;
				GCC_WARN_UNUSED_VARIABLE = YES;
				IPHONEOS_DEPLOYMENT_TARGET = 11.4;
				MTL_ENABLE_DEBUG_INFO = NO;
				SDKROOT = iphoneos;
				SWIFT_COMPILATION_MODE = wholemodule;
				SWIFT_OPTIMIZATION_LEVEL = "-O";
				VALIDATE_PRODUCT = YES;
			};
			name = Release;
		};
		84CCD36E2143643F004E57DD /* Debug */ = {
			isa = XCBuildConfiguration;
			buildSettings = {
				ASSETCATALOG_COMPILER_APPICON_NAME = AppIcon;
				CODE_SIGN_STYLE = Automatic;
				INFOPLIST_FILE = iOSDevPersonUI/Info.plist;
				LD_RUNPATH_SEARCH_PATHS = (
					"$(inherited)",
					"@executable_path/Frameworks",
				);
				PRODUCT_BUNDLE_IDENTIFIER = "Myself-bitch.iOSDevPersonUI";
				PRODUCT_NAME = "$(TARGET_NAME)";
				SWIFT_VERSION = 4.0;
				TARGETED_DEVICE_FAMILY = "1,2";
			};
			name = Debug;
		};
		84CCD36F2143643F004E57DD /* Release */ = {
			isa = XCBuildConfiguration;
			buildSettings = {
				ASSETCATALOG_COMPILER_APPICON_NAME = AppIcon;
				CODE_SIGN_STYLE = Automatic;
				INFOPLIST_FILE = iOSDevPersonUI/Info.plist;
				LD_RUNPATH_SEARCH_PATHS = (
					"$(inherited)",
					"@executable_path/Frameworks",
				);
				PRODUCT_BUNDLE_IDENTIFIER = "Myself-bitch.iOSDevPersonUI";
				PRODUCT_NAME = "$(TARGET_NAME)";
				SWIFT_VERSION = 4.0;
				TARGETED_DEVICE_FAMILY = "1,2";
			};
			name = Release;
		};
		84CCD3712143643F004E57DD /* Debug */ = {
			isa = XCBuildConfiguration;
			buildSettings = {
				ALWAYS_EMBED_SWIFT_STANDARD_LIBRARIES = YES;
				BUNDLE_LOADER = "$(TEST_HOST)";
				CODE_SIGN_STYLE = Automatic;
				INFOPLIST_FILE = iOSDevPersonUITests/Info.plist;
				LD_RUNPATH_SEARCH_PATHS = (
					"$(inherited)",
					"@executable_path/Frameworks",
					"@loader_path/Frameworks",
				);
				PRODUCT_BUNDLE_IDENTIFIER = "Myself-bitch.iOSDevPersonUITests";
				PRODUCT_NAME = "$(TARGET_NAME)";
				SWIFT_VERSION = 4.0;
				TARGETED_DEVICE_FAMILY = "1,2";
				TEST_HOST = "$(BUILT_PRODUCTS_DIR)/iOSDevPersonUI.app/iOSDevPersonUI";
			};
			name = Debug;
		};
		84CCD3722143643F004E57DD /* Release */ = {
			isa = XCBuildConfiguration;
			buildSettings = {
				ALWAYS_EMBED_SWIFT_STANDARD_LIBRARIES = YES;
				BUNDLE_LOADER = "$(TEST_HOST)";
				CODE_SIGN_STYLE = Automatic;
				INFOPLIST_FILE = iOSDevPersonUITests/Info.plist;
				LD_RUNPATH_SEARCH_PATHS = (
					"$(inherited)",
					"@executable_path/Frameworks",
					"@loader_path/Frameworks",
				);
				PRODUCT_BUNDLE_IDENTIFIER = "Myself-bitch.iOSDevPersonUITests";
				PRODUCT_NAME = "$(TARGET_NAME)";
				SWIFT_VERSION = 4.0;
				TARGETED_DEVICE_FAMILY = "1,2";
				TEST_HOST = "$(BUILT_PRODUCTS_DIR)/iOSDevPersonUI.app/iOSDevPersonUI";
			};
			name = Release;
		};
		84CCD3742143643F004E57DD /* Debug */ = {
			isa = XCBuildConfiguration;
			buildSettings = {
				ALWAYS_EMBED_SWIFT_STANDARD_LIBRARIES = YES;
				CODE_SIGN_STYLE = Automatic;
				INFOPLIST_FILE = iOSDevPersonUIUITests/Info.plist;
				LD_RUNPATH_SEARCH_PATHS = (
					"$(inherited)",
					"@executable_path/Frameworks",
					"@loader_path/Frameworks",
				);
				PRODUCT_BUNDLE_IDENTIFIER = "Myself-bitch.iOSDevPersonUIUITests";
				PRODUCT_NAME = "$(TARGET_NAME)";
				SWIFT_VERSION = 4.0;
				TARGETED_DEVICE_FAMILY = "1,2";
				TEST_TARGET_NAME = iOSDevPersonUI;
			};
			name = Debug;
		};
		84CCD3752143643F004E57DD /* Release */ = {
			isa = XCBuildConfiguration;
			buildSettings = {
				ALWAYS_EMBED_SWIFT_STANDARD_LIBRARIES = YES;
				CODE_SIGN_STYLE = Automatic;
				INFOPLIST_FILE = iOSDevPersonUIUITests/Info.plist;
				LD_RUNPATH_SEARCH_PATHS = (
					"$(inherited)",
					"@executable_path/Frameworks",
					"@loader_path/Frameworks",
				);
				PRODUCT_BUNDLE_IDENTIFIER = "Myself-bitch.iOSDevPersonUIUITests";
				PRODUCT_NAME = "$(TARGET_NAME)";
				SWIFT_VERSION = 4.0;
				TARGETED_DEVICE_FAMILY = "1,2";
				TEST_TARGET_NAME = iOSDevPersonUI;
			};
			name = Release;
		};
/* End XCBuildConfiguration section */

/* Begin XCConfigurationList section */
		84CCD3402143643B004E57DD /* Build configuration list for PBXProject "iOSDevPersonUI" */ = {
			isa = XCConfigurationList;
			buildConfigurations = (
				84CCD36B2143643F004E57DD /* Debug */,
				84CCD36C2143643F004E57DD /* Release */,
			);
			defaultConfigurationIsVisible = 0;
			defaultConfigurationName = Release;
		};
		84CCD36D2143643F004E57DD /* Build configuration list for PBXNativeTarget "iOSDevPersonUI" */ = {
			isa = XCConfigurationList;
			buildConfigurations = (
				84CCD36E2143643F004E57DD /* Debug */,
				84CCD36F2143643F004E57DD /* Release */,
			);
			defaultConfigurationIsVisible = 0;
			defaultConfigurationName = Release;
		};
		84CCD3702143643F004E57DD /* Build configuration list for PBXNativeTarget "iOSDevPersonUITests" */ = {
			isa = XCConfigurationList;
			buildConfigurations = (
				84CCD3712143643F004E57DD /* Debug */,
				84CCD3722143643F004E57DD /* Release */,
			);
			defaultConfigurationIsVisible = 0;
			defaultConfigurationName = Release;
		};
		84CCD3732143643F004E57DD /* Build configuration list for PBXNativeTarget "iOSDevPersonUIUITests" */ = {
			isa = XCConfigurationList;
			buildConfigurations = (
				84CCD3742143643F004E57DD /* Debug */,
				84CCD3752143643F004E57DD /* Release */,
			);
			defaultConfigurationIsVisible = 0;
			defaultConfigurationName = Release;
		};
/* End XCConfigurationList section */
	};
	rootObject = 84CCD33D2143643B004E57DD /* Project object */;
}
